
Microsoft Visual Studio Solution File, Format Version 12.00
# Visual Studio Version 17
VisualStudioVersion = 17.1.32407.343
MinimumVisualStudioVersion = 10.0.40219.1
Project("{9A19103F-16F7-4668-BE54-9A1E7A4F7556}") = "ReqResDemoTests", "ReqResTestDemo\ReqResDemoTests.csproj", "{8566E3B2-E408-466F-B4AA-EF48F1981551}"
EndProject
Project("{9A19103F-16F7-4668-BE54-9A1E7A4F7556}") = "ReqResDemoApp", "ReqResTestDemoApp\ReqResDemoApp.csproj", "{510F649F-D0AE-4331-9446-71382B215293}"
EndProject
Global
	GlobalSection(SolutionConfigurationPlatforms) = preSolution
		Debug|Any CPU = Debug|Any CPU
		Release|Any CPU = Release|Any CPU
	EndGlobalSection
	GlobalSection(ProjectConfigurationPlatforms) = postSolution
		{8566E3B2-E408-466F-B4AA-EF48F1981551}.Debug|Any CPU.ActiveCfg = Debug|Any CPU
		{8566E3B2-E408-466F-B4AA-EF48F1981551}.Debug|Any CPU.Build.0 = Debug|Any CPU
		{8566E3B2-E408-466F-B4AA-EF48F1981551}.Release|Any CPU.ActiveCfg = Release|Any CPU
		{8566E3B2-E408-466F-B4AA-EF48F1981551}.Release|Any CPU.Build.0 = Release|Any CPU
		{510F649F-D0AE-4331-9446-71382B215293}.Debug|Any CPU.ActiveCfg = Debug|Any CPU
		{510F649F-D0AE-4331-9446-71382B215293}.Debug|Any CPU.Build.0 = Debug|Any CPU
		{510F649F-D0AE-4331-9446-71382B215293}.Release|Any CPU.ActiveCfg = Release|Any CPU
		{510F649F-D0AE-4331-9446-71382B215293}.Release|Any CPU.Build.0 = Release|Any CPU
	EndGlobalSection
	GlobalSection(SolutionProperties) = preSolution
		HideSolutionNode = FALSE
	EndGlobalSection
	GlobalSection(ExtensibilityGlobals) = postSolution
		SolutionGuid = {09F4CBB7-7E5E-421D-954E-CC89D162752E}
	EndGlobalSection
EndGlobal
